// !$*UTF8*$!
{
	archiveVersion = 1;
	classes = {
	};
	objectVersion = 51;
	objects = {

/* Begin PBXBuildFile section */
		7876098824179A46000F751E /* AppDelegate.swift in Sources */ = {isa = PBXBuildFile; fileRef = 7876098724179A46000F751E /* AppDelegate.swift */; };
		7876098A24179A46000F751E /* SceneDelegate.swift in Sources */ = {isa = PBXBuildFile; fileRef = 7876098924179A46000F751E /* SceneDelegate.swift */; };
		7876098C24179A46000F751E /* ViewController.swift in Sources */ = {isa = PBXBuildFile; fileRef = 7876098B24179A46000F751E /* ViewController.swift */; };
		7876098F24179A46000F751E /* Main.storyboard in Resources */ = {isa = PBXBuildFile; fileRef = 7876098D24179A46000F751E /* Main.storyboard */; };
		7876099124179A49000F751E /* Assets.xcassets in Resources */ = {isa = PBXBuildFile; fileRef = 7876099024179A49000F751E /* Assets.xcassets */; };
		7876099424179A49000F751E /* LaunchScreen.storyboard in Resources */ = {isa = PBXBuildFile; fileRef = 7876099224179A49000F751E /* LaunchScreen.storyboard */; };
		EA09E7F5EC88C77D7B1D10C1 /* Pods_PaymentGateway.framework in Frameworks */ = {isa = PBXBuildFile; fileRef = 3DBC36320F41B14904CB6013 /* Pods_PaymentGateway.framework */; };
/* End PBXBuildFile section */

/* Begin PBXFileReference section */
		3DBC36320F41B14904CB6013 /* Pods_PaymentGateway.framework */ = {isa = PBXFileReference; explicitFileType = wrapper.framework; includeInIndex = 0; path = Pods_PaymentGateway.framework; sourceTree = BUILT_PRODUCTS_DIR; };
		688329D79F3DBCBCDBB3BDDB /* Pods-PaymentGateway.release.xcconfig */ = {isa = PBXFileReference; includeInIndex = 1; lastKnownFileType = text.xcconfig; name = "Pods-PaymentGateway.release.xcconfig"; path = "Target Support Files/Pods-PaymentGateway/Pods-PaymentGateway.release.xcconfig"; sourceTree = "<group>"; };
		7876098424179A46000F751E /* PaymentGateway.app */ = {isa = PBXFileReference; explicitFileType = wrapper.application; includeInIndex = 0; path = PaymentGateway.app; sourceTree = BUILT_PRODUCTS_DIR; };
		7876098724179A46000F751E /* AppDelegate.swift */ = {isa = PBXFileReference; lastKnownFileType = sourcecode.swift; path = AppDelegate.swift; sourceTree = "<group>"; };
		7876098924179A46000F751E /* SceneDelegate.swift */ = {isa = PBXFileReference; lastKnownFileType = sourcecode.swift; path = SceneDelegate.swift; sourceTree = "<group>"; };
		7876098B24179A46000F751E /* ViewController.swift */ = {isa = PBXFileReference; lastKnownFileType = sourcecode.swift; path = ViewController.swift; sourceTree = "<group>"; };
		7876098E24179A46000F751E /* Base */ = {isa = PBXFileReference; lastKnownFileType = file.storyboard; name = Base; path = Base.lproj/Main.storyboard; sourceTree = "<group>"; };
		7876099024179A49000F751E /* Assets.xcassets */ = {isa = PBXFileReference; lastKnownFileType = folder.assetcatalog; path = Assets.xcassets; sourceTree = "<group>"; };
		7876099324179A49000F751E /* Base */ = {isa = PBXFileReference; lastKnownFileType = file.storyboard; name = Base; path = Base.lproj/LaunchScreen.storyboard; sourceTree = "<group>"; };
		7876099524179A49000F751E /* Info.plist */ = {isa = PBXFileReference; lastKnownFileType = text.plist.xml; path = Info.plist; sourceTree = "<group>"; };
		F8E320174A6A8306D5F00D96 /* Pods-PaymentGateway.debug.xcconfig */ = {isa = PBXFileReference; includeInIndex = 1; lastKnownFileType = text.xcconfig; name = "Pods-PaymentGateway.debug.xcconfig"; path = "Target Support Files/Pods-PaymentGateway/Pods-PaymentGateway.debug.xcconfig"; sourceTree = "<group>"; };
/* End PBXFileReference section */

/* Begin PBXFrameworksBuildPhase section */
		7876098124179A46000F751E /* Frameworks */ = {
			isa = PBXFrameworksBuildPhase;
			buildActionMask = 2147483647;
			files = (
				EA09E7F5EC88C77D7B1D10C1 /* Pods_PaymentGateway.framework in Frameworks */,
			);
			runOnlyForDeploymentPostprocessing = 0;
		};
/* End PBXFrameworksBuildPhase section */

/* Begin PBXGroup section */
		0627EAC5CD090CD688E64236 /* Frameworks */ = {
			isa = PBXGroup;
			children = (
				3DBC36320F41B14904CB6013 /* Pods_PaymentGateway.framework */,
			);
			name = Frameworks;
			sourceTree = "<group>";
		};
		7876097B24179A46000F751E = {
			isa = PBXGroup;
			children = (
				7876098624179A46000F751E /* PaymentGateway */,
				7876098524179A46000F751E /* Products */,
				F1701B1C24C7AB427FD65887 /* Pods */,
				0627EAC5CD090CD688E64236 /* Frameworks */,
			);
			sourceTree = "<group>";
		};
		7876098524179A46000F751E /* Products */ = {
			isa = PBXGroup;
			children = (
				7876098424179A46000F751E /* PaymentGateway.app */,
			);
			name = Products;
			sourceTree = "<group>";
		};
		7876098624179A46000F751E /* PaymentGateway */ = {
			isa = PBXGroup;
			children = (
				7876098724179A46000F751E /* AppDelegate.swift */,
				7876098924179A46000F751E /* SceneDelegate.swift */,
				7876098B24179A46000F751E /* ViewController.swift */,
				7876098D24179A46000F751E /* Main.storyboard */,
				7876099024179A49000F751E /* Assets.xcassets */,
				7876099224179A49000F751E /* LaunchScreen.storyboard */,
				7876099524179A49000F751E /* Info.plist */,
			);
			path = PaymentGateway;
			sourceTree = "<group>";
		};
		F1701B1C24C7AB427FD65887 /* Pods */ = {
			isa = PBXGroup;
			children = (
				F8E320174A6A8306D5F00D96 /* Pods-PaymentGateway.debug.xcconfig */,
				688329D79F3DBCBCDBB3BDDB /* Pods-PaymentGateway.release.xcconfig */,
			);
			path = Pods;
			sourceTree = "<group>";
		};
/* End PBXGroup section */

/* Begin PBXNativeTarget section */
		7876098324179A46000F751E /* PaymentGateway */ = {
			isa = PBXNativeTarget;
			buildConfigurationList = 7876099824179A49000F751E /* Build configuration list for PBXNativeTarget "PaymentGateway" */;
			buildPhases = (
				45392370A94A932C01E6AA05 /* [CP] Check Pods Manifest.lock */,
				7876098024179A46000F751E /* Sources */,
				7876098124179A46000F751E /* Frameworks */,
				7876098224179A46000F751E /* Resources */,
				D4A11C8158E9F66035A9FA88 /* [CP] Embed Pods Frameworks */,
			);
			buildRules = (
			);
			dependencies = (
			);
			name = PaymentGateway;
			productName = PaymentGateway;
			productReference = 7876098424179A46000F751E /* PaymentGateway.app */;
			productType = "com.apple.product-type.application";
		};
/* End PBXNativeTarget section */

/* Begin PBXProject section */
		7876097C24179A46000F751E /* Project object */ = {
			isa = PBXProject;
			attributes = {
				LastSwiftUpdateCheck = 1120;
				LastUpgradeCheck = 1120;
				ORGANIZATIONNAME = Hxtreme;
				TargetAttributes = {
					7876098324179A46000F751E = {
						CreatedOnToolsVersion = 11.2.1;
					};
				};
			};
			buildConfigurationList = 7876097F24179A46000F751E /* Build configuration list for PBXProject "PaymentGateway" */;
			compatibilityVersion = "Xcode 9.3";
			developmentRegion = en;
			hasScannedForEncodings = 0;
			knownRegions = (
				en,
				Base,
			);
			mainGroup = 7876097B24179A46000F751E;
			productRefGroup = 7876098524179A46000F751E /* Products */;
			projectDirPath = "";
			projectRoot = "";
			targets = (
				7876098324179A46000F751E /* PaymentGateway */,
			);
		};
/* End PBXProject section */

/* Begin PBXResourcesBuildPhase section */
		7876098224179A46000F751E /* Resources */ = {
			isa = PBXResourcesBuildPhase;
			buildActionMask = 2147483647;
			files = (
				7876099424179A49000F751E /* LaunchScreen.storyboard in Resources */,
				7876099124179A49000F751E /* Assets.xcassets in Resources */,
				7876098F24179A46000F751E /* Main.storyboard in Resources */,
			);
			runOnlyForDeploymentPostprocessing = 0;
		};
/* End PBXResourcesBuildPhase section */

/* Begin PBXShellScriptBuildPhase section */
		45392370A94A932C01E6AA05 /* [CP] Check Pods Manifest.lock */ = {
			isa = PBXShellScriptBuildPhase;
			buildActionMask = 2147483647;
			files = (
			);
			inputFileListPaths = (
			);
			inputPaths = (
				"${PODS_PODFILE_DIR_PATH}/Podfile.lock",
				"${PODS_ROOT}/Manifest.lock",
			);
			name = "[CP] Check Pods Manifest.lock";
			outputFileListPaths = (
			);
			outputPaths = (
				"$(DERIVED_FILE_DIR)/Pods-PaymentGateway-checkManifestLockResult.txt",
			);
			runOnlyForDeploymentPostprocessing = 0;
			shellPath = /bin/sh;
			shellScript = "diff \"${PODS_PODFILE_DIR_PATH}/Podfile.lock\" \"${PODS_ROOT}/Manifest.lock\" > /dev/null\nif [ $? != 0 ] ; then\n    # print error to STDERR\n    echo \"error: The sandbox is not in sync with the Podfile.lock. Run 'pod install' or update your CocoaPods installation.\" >&2\n    exit 1\nfi\n# This output is used by Xcode 'outputs' to avoid re-running this script phase.\necho \"SUCCESS\" > \"${SCRIPT_OUTPUT_FILE_0}\"\n";
			showEnvVarsInLog = 0;
		};
		D4A11C8158E9F66035A9FA88 /* [CP] Embed Pods Frameworks */ = {
			isa = PBXShellScriptBuildPhase;
			buildActionMask = 2147483647;
			files = (
			);
			inputFileListPaths = (
				"${PODS_ROOT}/Target Support Files/Pods-PaymentGateway/Pods-PaymentGateway-frameworks-${CONFIGURATION}-input-files.xcfilelist",
			);
			name = "[CP] Embed Pods Frameworks";
			outputFileListPaths = (
				"${PODS_ROOT}/Target Support Files/Pods-PaymentGateway/Pods-PaymentGateway-frameworks-${CONFIGURATION}-output-files.xcfilelist",
			);
			runOnlyForDeploymentPostprocessing = 0;
			shellPath = /bin/sh;
			shellScript = "\"${PODS_ROOT}/Target Support Files/Pods-PaymentGateway/Pods-PaymentGateway-frameworks.sh\"\n";
			showEnvVarsInLog = 0;
		};
/* End PBXShellScriptBuildPhase section */

/* Begin PBXSourcesBuildPhase section */
		7876098024179A46000F751E /* Sources */ = {
			isa = PBXSourcesBuildPhase;
			buildActionMask = 2147483647;
			files = (
				7876098C24179A46000F751E /* ViewController.swift in Sources */,
				7876098824179A46000F751E /* AppDelegate.swift in Sources */,
				7876098A24179A46000F751E /* SceneDelegate.swift in Sources */,
			);
			runOnlyForDeploymentPostprocessing = 0;
		};
/* End PBXSourcesBuildPhase section */

/* Begin PBXVariantGroup section */
		7876098D24179A46000F751E /* Main.storyboard */ = {
			isa = PBXVariantGroup;
			children = (
				7876098E24179A46000F751E /* Base */,
			);
			name = Main.storyboard;
			sourceTree = "<group>";
		};
		7876099224179A49000F751E /* LaunchScreen.storyboard */ = {
			isa = PBXVariantGroup;
			children = (
				7876099324179A49000F751E /* Base */,
			);
			name = LaunchScreen.storyboard;
			sourceTree = "<group>";
		};
/* End PBXVariantGroup section */

/* Begin XCBuildConfiguration section */
		7876099624179A49000F751E /* Debug */ = {
			isa = XCBuildConfiguration;
			buildSettings = {
				ALWAYS_SEARCH_USER_PATHS = NO;
				CLANG_ANALYZER_NONNULL = YES;
				CLANG_ANALYZER_NUMBER_OBJECT_CONVERSION = YES_AGGRESSIVE;
				CLANG_CXX_LANGUAGE_STANDARD = "gnu++14";
				CLANG_CXX_LIBRARY = "libc++";
				CLANG_ENABLE_MODULES = YES;
				CLANG_ENABLE_OBJC_ARC = YES;
				CLANG_ENABLE_OBJC_WEAK = YES;
				CLANG_WARN_BLOCK_CAPTURE_AUTORELEASING = YES;
				CLANG_WARN_BOOL_CONVERSION = YES;
				CLANG_WARN_COMMA = YES;
				CLANG_WARN_CONSTANT_CONVERSION = YES;
				CLANG_WARN_DEPRECATED_OBJC_IMPLEMENTATIONS = YES;
				CLANG_WARN_DIRECT_OBJC_ISA_USAGE = YES_ERROR;
				CLANG_WARN_DOCUMENTATION_COMMENTS = YES;
				CLANG_WARN_EMPTY_BODY = YES;
				CLANG_WARN_ENUM_CONVERSION = YES;
				CLANG_WARN_INFINITE_RECURSION = YES;
				CLANG_WARN_INT_CONVERSION = YES;
				CLANG_WARN_NON_LITERAL_NULL_CONVERSION = YES;
				CLANG_WARN_OBJC_IMPLICIT_RETAIN_SELF = YES;
				CLANG_WARN_OBJC_LITERAL_CONVERSION = YES;
				CLANG_WARN_OBJC_ROOT_CLASS = YES_ERROR;
				CLANG_WARN_RANGE_LOOP_ANALYSIS = YES;
				CLANG_WARN_STRICT_PROTOTYPES = YES;
				CLANG_WARN_SUSPICIOUS_MOVE = YES;
				CLANG_WARN_UNGUARDED_AVAILABILITY = YES_AGGRESSIVE;
				CLANG_WARN_UNREACHABLE_CODE = YES;
				CLANG_WARN__DUPLICATE_METHOD_MATCH = YES;
				COPY_PHASE_STRIP = NO;
				DEBUG_INFORMATION_FORMAT = dwarf;
				ENABLE_STRICT_OBJC_MSGSEND = YES;
				ENABLE_TESTABILITY = YES;
				GCC_C_LANGUAGE_STANDARD = gnu11;
				GCC_DYNAMIC_NO_PIC = NO;
				GCC_NO_COMMON_BLOCKS = YES;
				GCC_OPTIMIZATION_LEVEL = 0;
				GCC_PREPROCESSOR_DEFINITIONS = (
					"DEBUG=1",
					"$(inherited)",
				);
				GCC_WARN_64_TO_32_BIT_CONVERSION = YES;
				GCC_WARN_ABOUT_RETURN_TYPE = YES_ERROR;
				GCC_WARN_UNDECLARED_SELECTOR = YES;
				GCC_WARN_UNINITIALIZED_AUTOS = YES_AGGRESSIVE;
				GCC_WARN_UNUSED_FUNCTION = YES;
				GCC_WARN_UNUSED_VARIABLE = YES;
				IPHONEOS_DEPLOYMENT_TARGET = 13.2;
				MTL_ENABLE_DEBUG_INFO = INCLUDE_SOURCE;
				MTL_FAST_MATH = YES;
				ONLY_ACTIVE_ARCH = YES;
				SDKROOT = iphoneos;
				SWIFT_ACTIVE_COMPILATION_CONDITIONS = DEBUG;
				SWIFT_OPTIMIZATION_LEVEL = "-Onone";
			};
			name = Debug;
		};
		7876099724179A49000F751E /* Release */ = {
			isa = XCBuildConfiguration;
			buildSettings = {
				ALWAYS_SEARCH_USER_PATHS = NO;
				CLANG_ANALYZER_NONNULL = YES;
				CLANG_ANALYZER_NUMBER_OBJECT_CONVERSION = YES_AGGRESSIVE;
				CLANG_CXX_LANGUAGE_STANDARD = "gnu++14";
				CLANG_CXX_LIBRARY = "libc++";
				CLANG_ENABLE_MODULES = YES;
				CLANG_ENABLE_OBJC_ARC = YES;
				CLANG_ENABLE_OBJC_WEAK = YES;
				CLANG_WARN_BLOCK_CAPTURE_AUTORELEASING = YES;
				CLANG_WARN_BOOL_CONVERSION = YES;
				CLANG_WARN_COMMA = YES;
				CLANG_WARN_CONSTANT_CONVERSION = YES;
				CLANG_WARN_DEPRECATED_OBJC_IMPLEMENTATIONS = YES;
				CLANG_WARN_DIRECT_OBJC_ISA_USAGE = YES_ERROR;
				CLANG_WARN_DOCUMENTATION_COMMENTS = YES;
				CLANG_WARN_EMPTY_BODY = YES;
				CLANG_WARN_ENUM_CONVERSION = YES;
				CLANG_WARN_INFINITE_RECURSION = YES;
				CLANG_WARN_INT_CONVERSION = YES;
				CLANG_WARN_NON_LITERAL_NULL_CONVERSION = YES;
				CLANG_WARN_OBJC_IMPLICIT_RETAIN_SELF = YES;
				CLANG_WARN_OBJC_LITERAL_CONVERSION = YES;
				CLANG_WARN_OBJC_ROOT_CLASS = YES_ERROR;
				CLANG_WARN_RANGE_LOOP_ANALYSIS = YES;
				CLANG_WARN_STRICT_PROTOTYPES = YES;
				CLANG_WARN_SUSPICIOUS_MOVE = YES;
				CLANG_WARN_UNGUARDED_AVAILABILITY = YES_AGGRESSIVE;
				CLANG_WARN_UNREACHABLE_CODE = YES;
				CLANG_WARN__DUPLICATE_METHOD_MATCH = YES;
				COPY_PHASE_STRIP = NO;
				DEBUG_INFORMATION_FORMAT = "dwarf-with-dsym";
				ENABLE_NS_ASSERTIONS = NO;
				ENABLE_STRICT_OBJC_MSGSEND = YES;
				GCC_C_LANGUAGE_STANDARD = gnu11;
				GCC_NO_COMMON_BLOCKS = YES;
				GCC_WARN_64_TO_32_BIT_CONVERSION = YES;
				GCC_WARN_ABOUT_RETURN_TYPE = YES_ERROR;
				GCC_WARN_UNDECLARED_SELECTOR = YES;
				GCC_WARN_UNINITIALIZED_AUTOS = YES_AGGRESSIVE;
				GCC_WARN_UNUSED_FUNCTION = YES;
				GCC_WARN_UNUSED_VARIABLE = YES;
				IPHONEOS_DEPLOYMENT_TARGET = 13.2;
				MTL_ENABLE_DEBUG_INFO = NO;
				MTL_FAST_MATH = YES;
				SDKROOT = iphoneos;
				SWIFT_COMPILATION_MODE = wholemodule;
				SWIFT_OPTIMIZATION_LEVEL = "-O";
				VALIDATE_PRODUCT = YES;
			};
			name = Release;
		};
		7876099924179A49000F751E /* Debug */ = {
			isa = XCBuildConfiguration;
			baseConfigurationReference = F8E320174A6A8306D5F00D96 /* Pods-PaymentGateway.debug.xcconfig */;
			buildSettings = {
				ASSETCATALOG_COMPILER_APPICON_NAME = AppIcon;
				CODE_SIGN_STYLE = Automatic;
				INFOPLIST_FILE = PaymentGateway/Info.plist;
				LD_RUNPATH_SEARCH_PATHS = (
					"$(inherited)",
					"@executable_path/Frameworks",
				);
				PRODUCT_BUNDLE_IDENTIFIER = com.irepute.PaymentGateway;
				PRODUCT_NAME = "$(TARGET_NAME)";
				SWIFT_VERSION = 5.0;
				TARGETED_DEVICE_FAMILY = "1,2";
			};
			name = Debug;
		};
		7876099A24179A49000F751E /* Release */ = {
			isa = XCBuildConfiguration;
			baseConfigurationReference = 688329D79F3DBCBCDBB3BDDB /* Pods-PaymentGateway.release.xcconfig */;
			buildSettings = {
				ASSETCATALOG_COMPILER_APPICON_NAME = AppIcon;
				CODE_SIGN_STYLE = Automatic;
				INFOPLIST_FILE = PaymentGateway/Info.plist;
				LD_RUNPATH_SEARCH_PATHS = (
					"$(inherited)",
					"@executable_path/Frameworks",
				);
				PRODUCT_BUNDLE_IDENTIFIER = com.irepute.PaymentGateway;
				PRODUCT_NAME = "$(TARGET_NAME)";
				SWIFT_VERSION = 5.0;
				TARGETED_DEVICE_FAMILY = "1,2";
			};
			name = Release;
		};
/* End XCBuildConfiguration section */

/* Begin XCConfigurationList section */
		7876097F24179A46000F751E /* Build configuration list for PBXProject "PaymentGateway" */ = {
			isa = XCConfigurationList;
			buildConfigurations = (
				7876099624179A49000F751E /* Debug */,
				7876099724179A49000F751E /* Release */,
			);
			defaultConfigurationIsVisible = 0;
			defaultConfigurationName = Release;
		};
		7876099824179A49000F751E /* Build configuration list for PBXNativeTarget "PaymentGateway" */ = {
			isa = XCConfigurationList;
			buildConfigurations = (
				7876099924179A49000F751E /* Debug */,
				7876099A24179A49000F751E /* Release */,
			);
			defaultConfigurationIsVisible = 0;
			defaultConfigurationName = Release;
		};
/* End XCConfigurationList section */
	};
	rootObject = 7876097C24179A46000F751E /* Project object */;
}
